
Microsoft Visual Studio Solution File, Format Version 12.00
# Visual Studio 15
VisualStudioVersion = 15.0.28010.2050
MinimumVisualStudioVersion = 10.0.40219.1
Project("{FAE04EC0-301F-11D3-BF4B-00C04F79EFBC}") = "ACM.BL", "ACM.BL\ACM.BL.csproj", "{BC455686-F109-44E0-93A8-E13C20C70138}"
EndProject
Project("{2150E333-8FDC-42A3-9474-1A3956D46DE8}") = "Tests", "Tests", "{4CEC580B-044B-4D68-BDDB-7E5BD9EFB1D9}"
EndProject
Project("{FAE04EC0-301F-11D3-BF4B-00C04F79EFBC}") = "ACM.BLTest", "Tests\ACM.BLTest\ACM.BLTest.csproj", "{E60AB669-22AA-462F-A40D-253126DE6727}"
EndProject
Project("{FAE04EC0-301F-11D3-BF4B-00C04F79EFBC}") = "Acme.Common", "Acme.Common\Acme.Common.csproj", "{2D03C104-273B-44E9-9AA5-466157A45512}"
EndProject
Project("{FAE04EC0-301F-11D3-BF4B-00C04F79EFBC}") = "Acme.CommonTest", "Tests\Acme.CommonTest\Acme.CommonTest.csproj", "{A0B7752A-C46E-4697-956D-45BB227B1267}"
EndProject
Project("{FAE04EC0-301F-11D3-BF4B-00C04F79EFBC}") = "ACM.DataAccess", "ACM.DataAccess\ACM.DataAccess.csproj", "{31EA667E-A97C-494A-9161-D53B53F63E49}"
EndProject
Project("{FAE04EC0-301F-11D3-BF4B-00C04F79EFBC}") = "ACM.Models", "ACM.Models\ACM.Models.csproj", "{E53788D2-7287-49C3-8AA9-4CE68E54EEE0}"
EndProject
Global
	GlobalSection(SolutionConfigurationPlatforms) = preSolution
		Debug|Any CPU = Debug|Any CPU
		Release|Any CPU = Release|Any CPU
	EndGlobalSection
	GlobalSection(ProjectConfigurationPlatforms) = postSolution
		{BC455686-F109-44E0-93A8-E13C20C70138}.Debug|Any CPU.ActiveCfg = Debug|Any CPU
		{BC455686-F109-44E0-93A8-E13C20C70138}.Debug|Any CPU.Build.0 = Debug|Any CPU
		{BC455686-F109-44E0-93A8-E13C20C70138}.Release|Any CPU.ActiveCfg = Release|Any CPU
		{BC455686-F109-44E0-93A8-E13C20C70138}.Release|Any CPU.Build.0 = Release|Any CPU
		{E60AB669-22AA-462F-A40D-253126DE6727}.Debug|Any CPU.ActiveCfg = Debug|Any CPU
		{E60AB669-22AA-462F-A40D-253126DE6727}.Debug|Any CPU.Build.0 = Debug|Any CPU
		{E60AB669-22AA-462F-A40D-253126DE6727}.Release|Any CPU.ActiveCfg = Release|Any CPU
		{E60AB669-22AA-462F-A40D-253126DE6727}.Release|Any CPU.Build.0 = Release|Any CPU
		{2D03C104-273B-44E9-9AA5-466157A45512}.Debug|Any CPU.ActiveCfg = Debug|Any CPU
		{2D03C104-273B-44E9-9AA5-466157A45512}.Debug|Any CPU.Build.0 = Debug|Any CPU
		{2D03C104-273B-44E9-9AA5-466157A45512}.Release|Any CPU.ActiveCfg = Release|Any CPU
		{2D03C104-273B-44E9-9AA5-466157A45512}.Release|Any CPU.Build.0 = Release|Any CPU
		{A0B7752A-C46E-4697-956D-45BB227B1267}.Debug|Any CPU.ActiveCfg = Debug|Any CPU
		{A0B7752A-C46E-4697-956D-45BB227B1267}.Debug|Any CPU.Build.0 = Debug|Any CPU
		{A0B7752A-C46E-4697-956D-45BB227B1267}.Release|Any CPU.ActiveCfg = Release|Any CPU
		{A0B7752A-C46E-4697-956D-45BB227B1267}.Release|Any CPU.Build.0 = Release|Any CPU
		{31EA667E-A97C-494A-9161-D53B53F63E49}.Debug|Any CPU.ActiveCfg = Debug|Any CPU
		{31EA667E-A97C-494A-9161-D53B53F63E49}.Debug|Any CPU.Build.0 = Debug|Any CPU
		{31EA667E-A97C-494A-9161-D53B53F63E49}.Release|Any CPU.ActiveCfg = Release|Any CPU
		{31EA667E-A97C-494A-9161-D53B53F63E49}.Release|Any CPU.Build.0 = Release|Any CPU
		{E53788D2-7287-49C3-8AA9-4CE68E54EEE0}.Debug|Any CPU.ActiveCfg = Debug|Any CPU
		{E53788D2-7287-49C3-8AA9-4CE68E54EEE0}.Debug|Any CPU.Build.0 = Debug|Any CPU
		{E53788D2-7287-49C3-8AA9-4CE68E54EEE0}.Release|Any CPU.ActiveCfg = Release|Any CPU
		{E53788D2-7287-49C3-8AA9-4CE68E54EEE0}.Release|Any CPU.Build.0 = Release|Any CPU
	EndGlobalSection
	GlobalSection(SolutionProperties) = preSolution
		HideSolutionNode = FALSE
	EndGlobalSection
	GlobalSection(NestedProjects) = preSolution
		{E60AB669-22AA-462F-A40D-253126DE6727} = {4CEC580B-044B-4D68-BDDB-7E5BD9EFB1D9}
		{A0B7752A-C46E-4697-956D-45BB227B1267} = {4CEC580B-044B-4D68-BDDB-7E5BD9EFB1D9}
	EndGlobalSection
	GlobalSection(ExtensibilityGlobals) = postSolution
		SolutionGuid = {8A20662F-238A-48E0-A0C5-063DC7F848DB}
	EndGlobalSection
EndGlobal
